
Microsoft Visual Studio Solution File, Format Version 12.00
# Visual Studio 14
VisualStudioVersion = 14.0.24720.0
MinimumVisualStudioVersion = 10.0.40219.1
Project("{FAE04EC0-301F-11D3-BF4B-00C04F79EFBC}") = "AsciiArtConverter08", "AsciiArtConverter08\AsciiArtConverter08.csproj", "{D1F2DB8F-9958-4D65-8224-7A76C1B7E6AE}"
EndProject
Global
	GlobalSection(SolutionConfigurationPlatforms) = preSolution
		Debug|Any CPU = Debug|Any CPU
		Debug|x64 = Debug|x64
		Debug|x86 = Debug|x86
		Release|Any CPU = Release|Any CPU
		Release|x64 = Release|x64
		Release|x86 = Release|x86
	EndGlobalSection
	GlobalSection(ProjectConfigurationPlatforms) = postSolution
		{D1F2DB8F-9958-4D65-8224-7A76C1B7E6AE}.Debug|Any CPU.ActiveCfg = Debug|Any CPU
		{D1F2DB8F-9958-4D65-8224-7A76C1B7E6AE}.Debug|Any CPU.Build.0 = Debug|Any CPU
		{D1F2DB8F-9958-4D65-8224-7A76C1B7E6AE}.Debug|x64.ActiveCfg = Debug|x64
		{D1F2DB8F-9958-4D65-8224-7A76C1B7E6AE}.Debug|x64.Build.0 = Debug|x64
		{D1F2DB8F-9958-4D65-8224-7A76C1B7E6AE}.Debug|x86.ActiveCfg = Debug|Any CPU
		{D1F2DB8F-9958-4D65-8224-7A76C1B7E6AE}.Debug|x86.Build.0 = Debug|Any CPU
		{D1F2DB8F-9958-4D65-8224-7A76C1B7E6AE}.Release|Any CPU.ActiveCfg = Release|Any CPU
		{D1F2DB8F-9958-4D65-8224-7A76C1B7E6AE}.Release|Any CPU.Build.0 = Release|Any CPU
		{D1F2DB8F-9958-4D65-8224-7A76C1B7E6AE}.Release|x64.ActiveCfg = Release|x64
		{D1F2DB8F-9958-4D65-8224-7A76C1B7E6AE}.Release|x64.Build.0 = Release|x64
		{D1F2DB8F-9958-4D65-8224-7A76C1B7E6AE}.Release|x86.ActiveCfg = Release|x86
		{D1F2DB8F-9958-4D65-8224-7A76C1B7E6AE}.Release|x86.Build.0 = Release|x86
	EndGlobalSection
	GlobalSection(SolutionProperties) = preSolution
		HideSolutionNode = FALSE
	EndGlobalSection
EndGlobal
